
Microsoft Visual Studio Solution File, Format Version 12.00
# Visual Studio Version 17
VisualStudioVersion = 17.9.34701.34
MinimumVisualStudioVersion = 10.0.40219.1
Project("{9A19103F-16F7-4668-BE54-9A1E7A4F7556}") = "Delivery_Service", "Delivery_Service\Delivery_Service.csproj", "{82DFF65F-8699-45DC-83D9-DABA263BDDD1}"
EndProject
Project("{FAE04EC0-301F-11D3-BF4B-00C04F79EFBC}") = "DeliveryServiceTest", "DeliveryServiceTest\DeliveryServiceTest.csproj", "{337DD24C-A149-46D4-B239-B157D76D9EAC}"
EndProject
Global
	GlobalSection(SolutionConfigurationPlatforms) = preSolution
		Debug|Any CPU = Debug|Any CPU
		Release|Any CPU = Release|Any CPU
	EndGlobalSection
	GlobalSection(ProjectConfigurationPlatforms) = postSolution
		{82DFF65F-8699-45DC-83D9-DABA263BDDD1}.Debug|Any CPU.ActiveCfg = Debug|Any CPU
		{82DFF65F-8699-45DC-83D9-DABA263BDDD1}.Debug|Any CPU.Build.0 = Debug|Any CPU
		{82DFF65F-8699-45DC-83D9-DABA263BDDD1}.Release|Any CPU.ActiveCfg = Release|Any CPU
		{82DFF65F-8699-45DC-83D9-DABA263BDDD1}.Release|Any CPU.Build.0 = Release|Any CPU
		{337DD24C-A149-46D4-B239-B157D76D9EAC}.Debug|Any CPU.ActiveCfg = Debug|Any CPU
		{337DD24C-A149-46D4-B239-B157D76D9EAC}.Debug|Any CPU.Build.0 = Debug|Any CPU
		{337DD24C-A149-46D4-B239-B157D76D9EAC}.Release|Any CPU.ActiveCfg = Release|Any CPU
		{337DD24C-A149-46D4-B239-B157D76D9EAC}.Release|Any CPU.Build.0 = Release|Any CPU
	EndGlobalSection
	GlobalSection(SolutionProperties) = preSolution
		HideSolutionNode = FALSE
	EndGlobalSection
	GlobalSection(ExtensibilityGlobals) = postSolution
		SolutionGuid = {D559EEC9-CC3E-4FB1-A441-19340D549846}
	EndGlobalSection
EndGlobal
